
Microsoft Visual Studio Solution File, Format Version 12.00
# Visual Studio Version 17
VisualStudioVersion = 17.10.35122.118
MinimumVisualStudioVersion = 10.0.40219.1
Project("{FAE04EC0-301F-11D3-BF4B-00C04F79EFBC}") = "MigrationsDemo", "MigrationsDemo.csproj", "{3641FC8A-18CB-481E-A850-FA22D3EDF5E3}"
EndProject
Global
	GlobalSection(SolutionConfigurationPlatforms) = preSolution
		Debug|Any CPU = Debug|Any CPU
		Release|Any CPU = Release|Any CPU
	EndGlobalSection
	GlobalSection(ProjectConfigurationPlatforms) = postSolution
		{3641FC8A-18CB-481E-A850-FA22D3EDF5E3}.Debug|Any CPU.ActiveCfg = Debug|Any CPU
		{3641FC8A-18CB-481E-A850-FA22D3EDF5E3}.Debug|Any CPU.Build.0 = Debug|Any CPU
		{3641FC8A-18CB-481E-A850-FA22D3EDF5E3}.Release|Any CPU.ActiveCfg = Release|Any CPU
		{3641FC8A-18CB-481E-A850-FA22D3EDF5E3}.Release|Any CPU.Build.0 = Release|Any CPU
	EndGlobalSection
	GlobalSection(SolutionProperties) = preSolution
		HideSolutionNode = FALSE
	EndGlobalSection
	GlobalSection(ExtensibilityGlobals) = postSolution
		SolutionGuid = {C6DAD1A5-5C13-4C96-83A2-2606C236BDA4}
	EndGlobalSection
EndGlobal
